
Microsoft Visual Studio Solution File, Format Version 12.00
# Visual Studio Version 16
VisualStudioVersion = 16.0.32630.194
MinimumVisualStudioVersion = 10.0.40219.1
Project("{FAE04EC0-301F-11D3-BF4B-00C04F79EFBC}") = "NachoOperaMyD", "NachoOperaMyD\NachoOperaMyD.csproj", "{F75FD543-77B9-4027-9AD4-B6235BA651E8}"
EndProject
Global
	GlobalSection(SolutionConfigurationPlatforms) = preSolution
		Debug|Any CPU = Debug|Any CPU
		Release|Any CPU = Release|Any CPU
	EndGlobalSection
	GlobalSection(ProjectConfigurationPlatforms) = postSolution
		{F75FD543-77B9-4027-9AD4-B6235BA651E8}.Debug|Any CPU.ActiveCfg = Debug|Any CPU
		{F75FD543-77B9-4027-9AD4-B6235BA651E8}.Debug|Any CPU.Build.0 = Debug|Any CPU
		{F75FD543-77B9-4027-9AD4-B6235BA651E8}.Release|Any CPU.ActiveCfg = Release|Any CPU
		{F75FD543-77B9-4027-9AD4-B6235BA651E8}.Release|Any CPU.Build.0 = Release|Any CPU
	EndGlobalSection
	GlobalSection(SolutionProperties) = preSolution
		HideSolutionNode = FALSE
	EndGlobalSection
	GlobalSection(ExtensibilityGlobals) = postSolution
		SolutionGuid = {2AC88DF8-A7F2-4D76-A035-A0B1D83D2A84}
	EndGlobalSection
EndGlobal
